
Microsoft Visual Studio Solution File, Format Version 12.00
# Visual Studio Version 17
VisualStudioVersion = 17.1.32414.318
MinimumVisualStudioVersion = 10.0.40219.1
Project("{9A19103F-16F7-4668-BE54-9A1E7A4F7556}") = "PluginBuilder.Tests", "PluginBuilder.Tests\PluginBuilder.Tests.csproj", "{973D71D2-B713-4A95-A98C-D714FFB98AC6}"
EndProject
Project("{9A19103F-16F7-4668-BE54-9A1E7A4F7556}") = "PluginBuilder", "PluginBuilder\PluginBuilder.csproj", "{A1928D9E-3939-42A7-BC39-01D7F2746C7B}"
EndProject
Project("{2150E333-8FDC-42A3-9474-1A3956D46DE8}") = "Misc", "Misc", "{01892AE1-B084-486D-AEB8-ACA68C4FB202}"
	ProjectSection(SolutionItems) = preProject
		Dockerfile = Dockerfile
		README.md = README.md
		Cleanup.md = Cleanup.md
		.editorconfig = .editorconfig
		.github\workflows\playwright.yml = .github\workflows\playwright.yml
		.github\workflows\tag.yml = .github\workflows\tag.yml
	EndProjectSection
EndProject
Global
	GlobalSection(SolutionConfigurationPlatforms) = preSolution
		Debug|Any CPU = Debug|Any CPU
		Release|Any CPU = Release|Any CPU
	EndGlobalSection
	GlobalSection(ProjectConfigurationPlatforms) = postSolution
		{973D71D2-B713-4A95-A98C-D714FFB98AC6}.Debug|Any CPU.ActiveCfg = Debug|Any CPU
		{973D71D2-B713-4A95-A98C-D714FFB98AC6}.Debug|Any CPU.Build.0 = Debug|Any CPU
		{973D71D2-B713-4A95-A98C-D714FFB98AC6}.Release|Any CPU.ActiveCfg = Release|Any CPU
		{973D71D2-B713-4A95-A98C-D714FFB98AC6}.Release|Any CPU.Build.0 = Release|Any CPU
		{A1928D9E-3939-42A7-BC39-01D7F2746C7B}.Debug|Any CPU.ActiveCfg = Debug|Any CPU
		{A1928D9E-3939-42A7-BC39-01D7F2746C7B}.Debug|Any CPU.Build.0 = Debug|Any CPU
		{A1928D9E-3939-42A7-BC39-01D7F2746C7B}.Release|Any CPU.ActiveCfg = Release|Any CPU
		{A1928D9E-3939-42A7-BC39-01D7F2746C7B}.Release|Any CPU.Build.0 = Release|Any CPU
	EndGlobalSection
	GlobalSection(SolutionProperties) = preSolution
		HideSolutionNode = FALSE
	EndGlobalSection
	GlobalSection(ExtensibilityGlobals) = postSolution
		SolutionGuid = {F94B22EC-6835-417E-BEF1-3F3C26663728}
	EndGlobalSection
EndGlobal
